
Microsoft Visual Studio Solution File, Format Version 12.00
# Visual Studio Version 17
VisualStudioVersion = 17.5.33414.496
MinimumVisualStudioVersion = 10.0.40219.1
Project("{FAE04EC0-301F-11D3-BF4B-00C04F79EFBC}") = "bscs22017_SciCal", "bscs22017_SciCal\bscs22017_SciCal.csproj", "{A08A7622-6C37-4DB0-94E2-52D14E0FBD1C}"
EndProject
Global
	GlobalSection(SolutionConfigurationPlatforms) = preSolution
		Debug|Any CPU = Debug|Any CPU
		Release|Any CPU = Release|Any CPU
	EndGlobalSection
	GlobalSection(ProjectConfigurationPlatforms) = postSolution
		{A08A7622-6C37-4DB0-94E2-52D14E0FBD1C}.Debug|Any CPU.ActiveCfg = Debug|Any CPU
		{A08A7622-6C37-4DB0-94E2-52D14E0FBD1C}.Debug|Any CPU.Build.0 = Debug|Any CPU
		{A08A7622-6C37-4DB0-94E2-52D14E0FBD1C}.Release|Any CPU.ActiveCfg = Release|Any CPU
		{A08A7622-6C37-4DB0-94E2-52D14E0FBD1C}.Release|Any CPU.Build.0 = Release|Any CPU
	EndGlobalSection
	GlobalSection(SolutionProperties) = preSolution
		HideSolutionNode = FALSE
	EndGlobalSection
	GlobalSection(ExtensibilityGlobals) = postSolution
		SolutionGuid = {947FDDF5-4D2D-44BD-9DD2-2B0FD6B7840D}
	EndGlobalSection
EndGlobal
